
Microsoft Visual Studio Solution File, Format Version 12.00
# Visual Studio Version 17
VisualStudioVersion = 17.5.33516.290
MinimumVisualStudioVersion = 10.0.40219.1
Project("{FAE04EC0-301F-11D3-BF4B-00C04F79EFBC}") = "Calc", "Calc\Calc.csproj", "{872ECADA-833D-4FF2-B57F-69CC91122FD5}"
EndProject
Project("{FAE04EC0-301F-11D3-BF4B-00C04F79EFBC}") = "CalcLib", "CalcLib\CalcLib.csproj", "{73FFE342-17EB-4325-8173-DAAE004A1375}"
EndProject
Project("{FAE04EC0-301F-11D3-BF4B-00C04F79EFBC}") = "CalcLib.Test", "CalcLib.Test\CalcLib.Test.csproj", "{1C3E1491-3BD4-4FAC-8E2E-C8AA9E0FB635}"
EndProject
Global
	GlobalSection(SolutionConfigurationPlatforms) = preSolution
		Debug|Any CPU = Debug|Any CPU
		Release|Any CPU = Release|Any CPU
	EndGlobalSection
	GlobalSection(ProjectConfigurationPlatforms) = postSolution
		{872ECADA-833D-4FF2-B57F-69CC91122FD5}.Debug|Any CPU.ActiveCfg = Debug|Any CPU
		{872ECADA-833D-4FF2-B57F-69CC91122FD5}.Debug|Any CPU.Build.0 = Debug|Any CPU
		{872ECADA-833D-4FF2-B57F-69CC91122FD5}.Release|Any CPU.ActiveCfg = Release|Any CPU
		{872ECADA-833D-4FF2-B57F-69CC91122FD5}.Release|Any CPU.Build.0 = Release|Any CPU
		{73FFE342-17EB-4325-8173-DAAE004A1375}.Debug|Any CPU.ActiveCfg = Debug|Any CPU
		{73FFE342-17EB-4325-8173-DAAE004A1375}.Debug|Any CPU.Build.0 = Debug|Any CPU
		{73FFE342-17EB-4325-8173-DAAE004A1375}.Release|Any CPU.ActiveCfg = Release|Any CPU
		{73FFE342-17EB-4325-8173-DAAE004A1375}.Release|Any CPU.Build.0 = Release|Any CPU
		{1C3E1491-3BD4-4FAC-8E2E-C8AA9E0FB635}.Debug|Any CPU.ActiveCfg = Debug|Any CPU
		{1C3E1491-3BD4-4FAC-8E2E-C8AA9E0FB635}.Debug|Any CPU.Build.0 = Debug|Any CPU
		{1C3E1491-3BD4-4FAC-8E2E-C8AA9E0FB635}.Release|Any CPU.ActiveCfg = Release|Any CPU
		{1C3E1491-3BD4-4FAC-8E2E-C8AA9E0FB635}.Release|Any CPU.Build.0 = Release|Any CPU
	EndGlobalSection
	GlobalSection(SolutionProperties) = preSolution
		HideSolutionNode = FALSE
	EndGlobalSection
	GlobalSection(ExtensibilityGlobals) = postSolution
		SolutionGuid = {578C0058-74CC-4F2A-9277-45CBD3448D62}
	EndGlobalSection
EndGlobal
